
Microsoft Visual Studio Solution File, Format Version 12.00
# Visual Studio Version 17
VisualStudioVersion = 17.7.34031.279
MinimumVisualStudioVersion = 10.0.40219.1
Project("{FAE04EC0-301F-11D3-BF4B-00C04F79EFBC}") = "WindowsFormsApp11", "WindowsFormsApp11\WindowsFormsApp11.csproj", "{0750104E-6FE6-41FE-A54B-FFB0F1A94066}"
EndProject
Global
	GlobalSection(SolutionConfigurationPlatforms) = preSolution
		Debug|Any CPU = Debug|Any CPU
		Release|Any CPU = Release|Any CPU
	EndGlobalSection
	GlobalSection(ProjectConfigurationPlatforms) = postSolution
		{0750104E-6FE6-41FE-A54B-FFB0F1A94066}.Debug|Any CPU.ActiveCfg = Debug|Any CPU
		{0750104E-6FE6-41FE-A54B-FFB0F1A94066}.Debug|Any CPU.Build.0 = Debug|Any CPU
		{0750104E-6FE6-41FE-A54B-FFB0F1A94066}.Release|Any CPU.ActiveCfg = Release|Any CPU
		{0750104E-6FE6-41FE-A54B-FFB0F1A94066}.Release|Any CPU.Build.0 = Release|Any CPU
	EndGlobalSection
	GlobalSection(SolutionProperties) = preSolution
		HideSolutionNode = FALSE
	EndGlobalSection
	GlobalSection(ExtensibilityGlobals) = postSolution
		SolutionGuid = {C729EBB0-A7F6-4FA8-90B3-E911DDE700C8}
	EndGlobalSection
EndGlobal
